// !$*UTF8*$!
{
	archiveVersion = 1;
	classes = {
	};
	objectVersion = 50;
	objects = {

/* Begin PBXBuildFile section */
		A00AB09923DB6E020046604C /* AppDelegate.swift in Sources */ = {isa = PBXBuildFile; fileRef = A00AB09823DB6E020046604C /* AppDelegate.swift */; };
		A00AB09B23DB6E020046604C /* SceneDelegate.swift in Sources */ = {isa = PBXBuildFile; fileRef = A00AB09A23DB6E020046604C /* SceneDelegate.swift */; };
		A00AB09D23DB6E020046604C /* ViewController.swift in Sources */ = {isa = PBXBuildFile; fileRef = A00AB09C23DB6E020046604C /* ViewController.swift */; };
		A00AB0A023DB6E020046604C /* Main.storyboard in Resources */ = {isa = PBXBuildFile; fileRef = A00AB09E23DB6E020046604C /* Main.storyboard */; };
		A00AB0A223DB6E030046604C /* Assets.xcassets in Resources */ = {isa = PBXBuildFile; fileRef = A00AB0A123DB6E030046604C /* Assets.xcassets */; };
		A00AB0A523DB6E030046604C /* LaunchScreen.storyboard in Resources */ = {isa = PBXBuildFile; fileRef = A00AB0A323DB6E030046604C /* LaunchScreen.storyboard */; };
		A00AB0B023DB6E030046604C /* testTests.swift in Sources */ = {isa = PBXBuildFile; fileRef = A00AB0AF23DB6E030046604C /* testTests.swift */; };
		A00AB0BB23DB6E030046604C /* testUITests.swift in Sources */ = {isa = PBXBuildFile; fileRef = A00AB0BA23DB6E030046604C /* testUITests.swift */; };
/* End PBXBuildFile section */

/* Begin PBXContainerItemProxy section */
		A00AB0AC23DB6E030046604C /* PBXContainerItemProxy */ = {
			isa = PBXContainerItemProxy;
			containerPortal = A00AB08D23DB6E020046604C /* Project object */;
			proxyType = 1;
			remoteGlobalIDString = A00AB09423DB6E020046604C;
			remoteInfo = test;
		};
		A00AB0B723DB6E030046604C /* PBXContainerItemProxy */ = {
			isa = PBXContainerItemProxy;
			containerPortal = A00AB08D23DB6E020046604C /* Project object */;
			proxyType = 1;
			remoteGlobalIDString = A00AB09423DB6E020046604C;
			remoteInfo = test;
		};
/* End PBXContainerItemProxy section */

/* Begin PBXFileReference section */
		A00AB09523DB6E020046604C /* test.app */ = {isa = PBXFileReference; explicitFileType = wrapper.application; includeInIndex = 0; path = test.app; sourceTree = BUILT_PRODUCTS_DIR; };
		A00AB09823DB6E020046604C /* AppDelegate.swift */ = {isa = PBXFileReference; lastKnownFileType = sourcecode.swift; path = AppDelegate.swift; sourceTree = "<group>"; };
		A00AB09A23DB6E020046604C /* SceneDelegate.swift */ = {isa = PBXFileReference; lastKnownFileType = sourcecode.swift; path = SceneDelegate.swift; sourceTree = "<group>"; };
		A00AB09C23DB6E020046604C /* ViewController.swift */ = {isa = PBXFileReference; lastKnownFileType = sourcecode.swift; path = ViewController.swift; sourceTree = "<group>"; };
		A00AB09F23DB6E020046604C /* Base */ = {isa = PBXFileReference; lastKnownFileType = file.storyboard; name = Base; path = Base.lproj/Main.storyboard; sourceTree = "<group>"; };
		A00AB0A123DB6E030046604C /* Assets.xcassets */ = {isa = PBXFileReference; lastKnownFileType = folder.assetcatalog; path = Assets.xcassets; sourceTree = "<group>"; };
		A00AB0A423DB6E030046604C /* Base */ = {isa = PBXFileReference; lastKnownFileType = file.storyboard; name = Base; path = Base.lproj/LaunchScreen.storyboard; sourceTree = "<group>"; };
		A00AB0A623DB6E030046604C /* Info.plist */ = {isa = PBXFileReference; lastKnownFileType = text.plist.xml; path = Info.plist; sourceTree = "<group>"; };
		A00AB0AB23DB6E030046604C /* testTests.xctest */ = {isa = PBXFileReference; explicitFileType = wrapper.cfbundle; includeInIndex = 0; path = testTests.xctest; sourceTree = BUILT_PRODUCTS_DIR; };
		A00AB0AF23DB6E030046604C /* testTests.swift */ = {isa = PBXFileReference; lastKnownFileType = sourcecode.swift; path = testTests.swift; sourceTree = "<group>"; };
		A00AB0B123DB6E030046604C /* Info.plist */ = {isa = PBXFileReference; lastKnownFileType = text.plist.xml; path = Info.plist; sourceTree = "<group>"; };
		A00AB0B623DB6E030046604C /* testUITests.xctest */ = {isa = PBXFileReference; explicitFileType = wrapper.cfbundle; includeInIndex = 0; path = testUITests.xctest; sourceTree = BUILT_PRODUCTS_DIR; };
		A00AB0BA23DB6E030046604C /* testUITests.swift */ = {isa = PBXFileReference; lastKnownFileType = sourcecode.swift; path = testUITests.swift; sourceTree = "<group>"; };
		A00AB0BC23DB6E030046604C /* Info.plist */ = {isa = PBXFileReference; lastKnownFileType = text.plist.xml; path = Info.plist; sourceTree = "<group>"; };
/* End PBXFileReference section */

/* Begin PBXFrameworksBuildPhase section */
		A00AB09223DB6E020046604C /* Frameworks */ = {
			isa = PBXFrameworksBuildPhase;
			buildActionMask = 2147483647;
			files = (
			);
			runOnlyForDeploymentPostprocessing = 0;
		};
		A00AB0A823DB6E030046604C /* Frameworks */ = {
			isa = PBXFrameworksBuildPhase;
			buildActionMask = 2147483647;
			files = (
			);
			runOnlyForDeploymentPostprocessing = 0;
		};
		A00AB0B323DB6E030046604C /* Frameworks */ = {
			isa = PBXFrameworksBuildPhase;
			buildActionMask = 2147483647;
			files = (
			);
			runOnlyForDeploymentPostprocessing = 0;
		};
/* End PBXFrameworksBuildPhase section */

/* Begin PBXGroup section */
		A00AB08C23DB6E020046604C = {
			isa = PBXGroup;
			children = (
				A00AB09723DB6E020046604C /* test */,
				A00AB0AE23DB6E030046604C /* testTests */,
				A00AB0B923DB6E030046604C /* testUITests */,
				A00AB09623DB6E020046604C /* Products */,
			);
			sourceTree = "<group>";
		};
		A00AB09623DB6E020046604C /* Products */ = {
			isa = PBXGroup;
			children = (
				A00AB09523DB6E020046604C /* test.app */,
				A00AB0AB23DB6E030046604C /* testTests.xctest */,
				A00AB0B623DB6E030046604C /* testUITests.xctest */,
			);
			name = Products;
			sourceTree = "<group>";
		};
		A00AB09723DB6E020046604C /* test */ = {
			isa = PBXGroup;
			children = (
				A00AB09823DB6E020046604C /* AppDelegate.swift */,
				A00AB09A23DB6E020046604C /* SceneDelegate.swift */,
				A00AB09C23DB6E020046604C /* ViewController.swift */,
				A00AB09E23DB6E020046604C /* Main.storyboard */,
				A00AB0A123DB6E030046604C /* Assets.xcassets */,
				A00AB0A323DB6E030046604C /* LaunchScreen.storyboard */,
				A00AB0A623DB6E030046604C /* Info.plist */,
			);
			path = test;
			sourceTree = "<group>";
		};
		A00AB0AE23DB6E030046604C /* testTests */ = {
			isa = PBXGroup;
			children = (
				A00AB0AF23DB6E030046604C /* testTests.swift */,
				A00AB0B123DB6E030046604C /* Info.plist */,
			);
			path = testTests;
			sourceTree = "<group>";
		};
		A00AB0B923DB6E030046604C /* testUITests */ = {
			isa = PBXGroup;
			children = (
				A00AB0BA23DB6E030046604C /* testUITests.swift */,
				A00AB0BC23DB6E030046604C /* Info.plist */,
			);
			path = testUITests;
			sourceTree = "<group>";
		};
/* End PBXGroup section */

/* Begin PBXNativeTarget section */
		A00AB09423DB6E020046604C /* test */ = {
			isa = PBXNativeTarget;
			buildConfigurationList = A00AB0BF23DB6E030046604C /* Build configuration list for PBXNativeTarget "test" */;
			buildPhases = (
				A00AB09123DB6E020046604C /* Sources */,
				A00AB09223DB6E020046604C /* Frameworks */,
				A00AB09323DB6E020046604C /* Resources */,
			);
			buildRules = (
			);
			dependencies = (
			);
			name = test;
			productName = test;
			productReference = A00AB09523DB6E020046604C /* test.app */;
			productType = "com.apple.product-type.application";
		};
		A00AB0AA23DB6E030046604C /* testTests */ = {
			isa = PBXNativeTarget;
			buildConfigurationList = A00AB0C223DB6E030046604C /* Build configuration list for PBXNativeTarget "testTests" */;
			buildPhases = (
				A00AB0A723DB6E030046604C /* Sources */,
				A00AB0A823DB6E030046604C /* Frameworks */,
				A00AB0A923DB6E030046604C /* Resources */,
			);
			buildRules = (
			);
			dependencies = (
				A00AB0AD23DB6E030046604C /* PBXTargetDependency */,
			);
			name = testTests;
			productName = testTests;
			productReference = A00AB0AB23DB6E030046604C /* testTests.xctest */;
			productType = "com.apple.product-type.bundle.unit-test";
		};
		A00AB0B523DB6E030046604C /* testUITests */ = {
			isa = PBXNativeTarget;
			buildConfigurationList = A00AB0C523DB6E030046604C /* Build configuration list for PBXNativeTarget "testUITests" */;
			buildPhases = (
				A00AB0B223DB6E030046604C /* Sources */,
				A00AB0B323DB6E030046604C /* Frameworks */,
				A00AB0B423DB6E030046604C /* Resources */,
			);
			buildRules = (
			);
			dependencies = (
				A00AB0B823DB6E030046604C /* PBXTargetDependency */,
			);
			name = testUITests;
			productName = testUITests;
			productReference = A00AB0B623DB6E030046604C /* testUITests.xctest */;
			productType = "com.apple.product-type.bundle.ui-testing";
		};
/* End PBXNativeTarget section */

/* Begin PBXProject section */
		A00AB08D23DB6E020046604C /* Project object */ = {
			isa = PBXProject;
			attributes = {
				LastSwiftUpdateCheck = 1130;
				LastUpgradeCheck = 1130;
				ORGANIZATIONNAME = "Decker,Susan Paige";
				TargetAttributes = {
					A00AB09423DB6E020046604C = {
						CreatedOnToolsVersion = 11.3;
					};
					A00AB0AA23DB6E030046604C = {
						CreatedOnToolsVersion = 11.3;
						TestTargetID = A00AB09423DB6E020046604C;
					};
					A00AB0B523DB6E030046604C = {
						CreatedOnToolsVersion = 11.3;
						TestTargetID = A00AB09423DB6E020046604C;
					};
				};
			};
			buildConfigurationList = A00AB09023DB6E020046604C /* Build configuration list for PBXProject "test" */;
			compatibilityVersion = "Xcode 9.3";
			developmentRegion = en;
			hasScannedForEncodings = 0;
			knownRegions = (
				en,
				Base,
			);
			mainGroup = A00AB08C23DB6E020046604C;
			productRefGroup = A00AB09623DB6E020046604C /* Products */;
			projectDirPath = "";
			projectRoot = "";
			targets = (
				A00AB09423DB6E020046604C /* test */,
				A00AB0AA23DB6E030046604C /* testTests */,
				A00AB0B523DB6E030046604C /* testUITests */,
			);
		};
/* End PBXProject section */

/* Begin PBXResourcesBuildPhase section */
		A00AB09323DB6E020046604C /* Resources */ = {
			isa = PBXResourcesBuildPhase;
			buildActionMask = 2147483647;
			files = (
				A00AB0A523DB6E030046604C /* LaunchScreen.storyboard in Resources */,
				A00AB0A223DB6E030046604C /* Assets.xcassets in Resources */,
				A00AB0A023DB6E020046604C /* Main.storyboard in Resources */,
			);
			runOnlyForDeploymentPostprocessing = 0;
		};
		A00AB0A923DB6E030046604C /* Resources */ = {
			isa = PBXResourcesBuildPhase;
			buildActionMask = 2147483647;
			files = (
			);
			runOnlyForDeploymentPostprocessing = 0;
		};
		A00AB0B423DB6E030046604C /* Resources */ = {
			isa = PBXResourcesBuildPhase;
			buildActionMask = 2147483647;
			files = (
			);
			runOnlyForDeploymentPostprocessing = 0;
		};
/* End PBXResourcesBuildPhase section */

/* Begin PBXSourcesBuildPhase section */
		A00AB09123DB6E020046604C /* Sources */ = {
			isa = PBXSourcesBuildPhase;
			buildActionMask = 2147483647;
			files = (
				A00AB09D23DB6E020046604C /* ViewController.swift in Sources */,
				A00AB09923DB6E020046604C /* AppDelegate.swift in Sources */,
				A00AB09B23DB6E020046604C /* SceneDelegate.swift in Sources */,
			);
			runOnlyForDeploymentPostprocessing = 0;
		};
		A00AB0A723DB6E030046604C /* Sources */ = {
			isa = PBXSourcesBuildPhase;
			buildActionMask = 2147483647;
			files = (
				A00AB0B023DB6E030046604C /* testTests.swift in Sources */,
			);
			runOnlyForDeploymentPostprocessing = 0;
		};
		A00AB0B223DB6E030046604C /* Sources */ = {
			isa = PBXSourcesBuildPhase;
			buildActionMask = 2147483647;
			files = (
				A00AB0BB23DB6E030046604C /* testUITests.swift in Sources */,
			);
			runOnlyForDeploymentPostprocessing = 0;
		};
/* End PBXSourcesBuildPhase section */

/* Begin PBXTargetDependency section */
		A00AB0AD23DB6E030046604C /* PBXTargetDependency */ = {
			isa = PBXTargetDependency;
			target = A00AB09423DB6E020046604C /* test */;
			targetProxy = A00AB0AC23DB6E030046604C /* PBXContainerItemProxy */;
		};
		A00AB0B823DB6E030046604C /* PBXTargetDependency */ = {
			isa = PBXTargetDependency;
			target = A00AB09423DB6E020046604C /* test */;
			targetProxy = A00AB0B723DB6E030046604C /* PBXContainerItemProxy */;
		};
/* End PBXTargetDependency section */

/* Begin PBXVariantGroup section */
		A00AB09E23DB6E020046604C /* Main.storyboard */ = {
			isa = PBXVariantGroup;
			children = (
				A00AB09F23DB6E020046604C /* Base */,
			);
			name = Main.storyboard;
			sourceTree = "<group>";
		};
		A00AB0A323DB6E030046604C /* LaunchScreen.storyboard */ = {
			isa = PBXVariantGroup;
			children = (
				A00AB0A423DB6E030046604C /* Base */,
			);
			name = LaunchScreen.storyboard;
			sourceTree = "<group>";
		};
/* End PBXVariantGroup section */

/* Begin XCBuildConfiguration section */
		A00AB0BD23DB6E030046604C /* Debug */ = {
			isa = XCBuildConfiguration;
			buildSettings = {
				ALWAYS_SEARCH_USER_PATHS = NO;
				CLANG_ANALYZER_NONNULL = YES;
				CLANG_ANALYZER_NUMBER_OBJECT_CONVERSION = YES_AGGRESSIVE;
				CLANG_CXX_LANGUAGE_STANDARD = "gnu++14";
				CLANG_CXX_LIBRARY = "libc++";
				CLANG_ENABLE_MODULES = YES;
				CLANG_ENABLE_OBJC_ARC = YES;
				CLANG_ENABLE_OBJC_WEAK = YES;
				CLANG_WARN_BLOCK_CAPTURE_AUTORELEASING = YES;
				CLANG_WARN_BOOL_CONVERSION = YES;
				CLANG_WARN_COMMA = YES;
				CLANG_WARN_CONSTANT_CONVERSION = YES;
				CLANG_WARN_DEPRECATED_OBJC_IMPLEMENTATIONS = YES;
				CLANG_WARN_DIRECT_OBJC_ISA_USAGE = YES_ERROR;
				CLANG_WARN_DOCUMENTATION_COMMENTS = YES;
				CLANG_WARN_EMPTY_BODY = YES;
				CLANG_WARN_ENUM_CONVERSION = YES;
				CLANG_WARN_INFINITE_RECURSION = YES;
				CLANG_WARN_INT_CONVERSION = YES;
				CLANG_WARN_NON_LITERAL_NULL_CONVERSION = YES;
				CLANG_WARN_OBJC_IMPLICIT_RETAIN_SELF = YES;
				CLANG_WARN_OBJC_LITERAL_CONVERSION = YES;
				CLANG_WARN_OBJC_ROOT_CLASS = YES_ERROR;
				CLANG_WARN_RANGE_LOOP_ANALYSIS = YES;
				CLANG_WARN_STRICT_PROTOTYPES = YES;
				CLANG_WARN_SUSPICIOUS_MOVE = YES;
				CLANG_WARN_UNGUARDED_AVAILABILITY = YES_AGGRESSIVE;
				CLANG_WARN_UNREACHABLE_CODE = YES;
				CLANG_WARN__DUPLICATE_METHOD_MATCH = YES;
				COPY_PHASE_STRIP = NO;
				DEBUG_INFORMATION_FORMAT = dwarf;
				ENABLE_STRICT_OBJC_MSGSEND = YES;
				ENABLE_TESTABILITY = YES;
				GCC_C_LANGUAGE_STANDARD = gnu11;
				GCC_DYNAMIC_NO_PIC = NO;
				GCC_NO_COMMON_BLOCKS = YES;
				GCC_OPTIMIZATION_LEVEL = 0;
				GCC_PREPROCESSOR_DEFINITIONS = (
					"DEBUG=1",
					"$(inherited)",
				);
				GCC_WARN_64_TO_32_BIT_CONVERSION = YES;
				GCC_WARN_ABOUT_RETURN_TYPE = YES_ERROR;
				GCC_WARN_UNDECLARED_SELECTOR = YES;
				GCC_WARN_UNINITIALIZED_AUTOS = YES_AGGRESSIVE;
				GCC_WARN_UNUSED_FUNCTION = YES;
				GCC_WARN_UNUSED_VARIABLE = YES;
				IPHONEOS_DEPLOYMENT_TARGET = 13.2;
				MTL_ENABLE_DEBUG_INFO = INCLUDE_SOURCE;
				MTL_FAST_MATH = YES;
				ONLY_ACTIVE_ARCH = YES;
				SDKROOT = iphoneos;
				SWIFT_ACTIVE_COMPILATION_CONDITIONS = DEBUG;
				SWIFT_OPTIMIZATION_LEVEL = "-Onone";
			};
			name = Debug;
		};
		A00AB0BE23DB6E030046604C /* Release */ = {
			isa = XCBuildConfiguration;
			buildSettings = {
				ALWAYS_SEARCH_USER_PATHS = NO;
				CLANG_ANALYZER_NONNULL = YES;
				CLANG_ANALYZER_NUMBER_OBJECT_CONVERSION = YES_AGGRESSIVE;
				CLANG_CXX_LANGUAGE_STANDARD = "gnu++14";
				CLANG_CXX_LIBRARY = "libc++";
				CLANG_ENABLE_MODULES = YES;
				CLANG_ENABLE_OBJC_ARC = YES;
				CLANG_ENABLE_OBJC_WEAK = YES;
				CLANG_WARN_BLOCK_CAPTURE_AUTORELEASING = YES;
				CLANG_WARN_BOOL_CONVERSION = YES;
				CLANG_WARN_COMMA = YES;
				CLANG_WARN_CONSTANT_CONVERSION = YES;
				CLANG_WARN_DEPRECATED_OBJC_IMPLEMENTATIONS = YES;
				CLANG_WARN_DIRECT_OBJC_ISA_USAGE = YES_ERROR;
				CLANG_WARN_DOCUMENTATION_COMMENTS = YES;
				CLANG_WARN_EMPTY_BODY = YES;
				CLANG_WARN_ENUM_CONVERSION = YES;
				CLANG_WARN_INFINITE_RECURSION = YES;
				CLANG_WARN_INT_CONVERSION = YES;
				CLANG_WARN_NON_LITERAL_NULL_CONVERSION = YES;
				CLANG_WARN_OBJC_IMPLICIT_RETAIN_SELF = YES;
				CLANG_WARN_OBJC_LITERAL_CONVERSION = YES;
				CLANG_WARN_OBJC_ROOT_CLASS = YES_ERROR;
				CLANG_WARN_RANGE_LOOP_ANALYSIS = YES;
				CLANG_WARN_STRICT_PROTOTYPES = YES;
				CLANG_WARN_SUSPICIOUS_MOVE = YES;
				CLANG_WARN_UNGUARDED_AVAILABILITY = YES_AGGRESSIVE;
				CLANG_WARN_UNREACHABLE_CODE = YES;
				CLANG_WARN__DUPLICATE_METHOD_MATCH = YES;
				COPY_PHASE_STRIP = NO;
				DEBUG_INFORMATION_FORMAT = "dwarf-with-dsym";
				ENABLE_NS_ASSERTIONS = NO;
				ENABLE_STRICT_OBJC_MSGSEND = YES;
				GCC_C_LANGUAGE_STANDARD = gnu11;
				GCC_NO_COMMON_BLOCKS = YES;
				GCC_WARN_64_TO_32_BIT_CONVERSION = YES;
				GCC_WARN_ABOUT_RETURN_TYPE = YES_ERROR;
				GCC_WARN_UNDECLARED_SELECTOR = YES;
				GCC_WARN_UNINITIALIZED_AUTOS = YES_AGGRESSIVE;
				GCC_WARN_UNUSED_FUNCTION = YES;
				GCC_WARN_UNUSED_VARIABLE = YES;
				IPHONEOS_DEPLOYMENT_TARGET = 13.2;
				MTL_ENABLE_DEBUG_INFO = NO;
				MTL_FAST_MATH = YES;
				SDKROOT = iphoneos;
				SWIFT_COMPILATION_MODE = wholemodule;
				SWIFT_OPTIMIZATION_LEVEL = "-O";
				VALIDATE_PRODUCT = YES;
			};
			name = Release;
		};
		A00AB0C023DB6E030046604C /* Debug */ = {
			isa = XCBuildConfiguration;
			buildSettings = {
				ASSETCATALOG_COMPILER_APPICON_NAME = AppIcon;
				CODE_SIGN_STYLE = Automatic;
				DEVELOPMENT_TEAM = DC3RBNGMYP;
				INFOPLIST_FILE = test/Info.plist;
				LD_RUNPATH_SEARCH_PATHS = (
					"$(inherited)",
					"@executable_path/Frameworks",
				);
				PRODUCT_BUNDLE_IDENTIFIER = sus2194241.test;
				PRODUCT_NAME = "$(TARGET_NAME)";
				SWIFT_VERSION = 5.0;
				TARGETED_DEVICE_FAMILY = "1,2";
			};
			name = Debug;
		};
		A00AB0C123DB6E030046604C /* Release */ = {
			isa = XCBuildConfiguration;
			buildSettings = {
				ASSETCATALOG_COMPILER_APPICON_NAME = AppIcon;
				CODE_SIGN_STYLE = Automatic;
				DEVELOPMENT_TEAM = DC3RBNGMYP;
				INFOPLIST_FILE = test/Info.plist;
				LD_RUNPATH_SEARCH_PATHS = (
					"$(inherited)",
					"@executable_path/Frameworks",
				);
				PRODUCT_BUNDLE_IDENTIFIER = sus2194241.test;
				PRODUCT_NAME = "$(TARGET_NAME)";
				SWIFT_VERSION = 5.0;
				TARGETED_DEVICE_FAMILY = "1,2";
			};
			name = Release;
		};
		A00AB0C323DB6E030046604C /* Debug */ = {
			isa = XCBuildConfiguration;
			buildSettings = {
				ALWAYS_EMBED_SWIFT_STANDARD_LIBRARIES = YES;
				BUNDLE_LOADER = "$(TEST_HOST)";
				CODE_SIGN_STYLE = Automatic;
				DEVELOPMENT_TEAM = DC3RBNGMYP;
				INFOPLIST_FILE = testTests/Info.plist;
				IPHONEOS_DEPLOYMENT_TARGET = 13.2;
				LD_RUNPATH_SEARCH_PATHS = (
					"$(inherited)",
					"@executable_path/Frameworks",
					"@loader_path/Frameworks",
				);
				PRODUCT_BUNDLE_IDENTIFIER = sus2194241.testTests;
				PRODUCT_NAME = "$(TARGET_NAME)";
				SWIFT_VERSION = 5.0;
				TARGETED_DEVICE_FAMILY = "1,2";
				TEST_HOST = "$(BUILT_PRODUCTS_DIR)/test.app/test";
			};
			name = Debug;
		};
		A00AB0C423DB6E030046604C /* Release */ = {
			isa = XCBuildConfiguration;
			buildSettings = {
				ALWAYS_EMBED_SWIFT_STANDARD_LIBRARIES = YES;
				BUNDLE_LOADER = "$(TEST_HOST)";
				CODE_SIGN_STYLE = Automatic;
				DEVELOPMENT_TEAM = DC3RBNGMYP;
				INFOPLIST_FILE = testTests/Info.plist;
				IPHONEOS_DEPLOYMENT_TARGET = 13.2;
				LD_RUNPATH_SEARCH_PATHS = (
					"$(inherited)",
					"@executable_path/Frameworks",
					"@loader_path/Frameworks",
				);
				PRODUCT_BUNDLE_IDENTIFIER = sus2194241.testTests;
				PRODUCT_NAME = "$(TARGET_NAME)";
				SWIFT_VERSION = 5.0;
				TARGETED_DEVICE_FAMILY = "1,2";
				TEST_HOST = "$(BUILT_PRODUCTS_DIR)/test.app/test";
			};
			name = Release;
		};
		A00AB0C623DB6E030046604C /* Debug */ = {
			isa = XCBuildConfiguration;
			buildSettings = {
				ALWAYS_EMBED_SWIFT_STANDARD_LIBRARIES = YES;
				CODE_SIGN_STYLE = Automatic;
				DEVELOPMENT_TEAM = DC3RBNGMYP;
				INFOPLIST_FILE = testUITests/Info.plist;
				LD_RUNPATH_SEARCH_PATHS = (
					"$(inherited)",
					"@executable_path/Frameworks",
					"@loader_path/Frameworks",
				);
				PRODUCT_BUNDLE_IDENTIFIER = sus2194241.testUITests;
				PRODUCT_NAME = "$(TARGET_NAME)";
				SWIFT_VERSION = 5.0;
				TARGETED_DEVICE_FAMILY = "1,2";
				TEST_TARGET_NAME = test;
			};
			name = Debug;
		};
		A00AB0C723DB6E030046604C /* Release */ = {
			isa = XCBuildConfiguration;
			buildSettings = {
				ALWAYS_EMBED_SWIFT_STANDARD_LIBRARIES = YES;
				CODE_SIGN_STYLE = Automatic;
				DEVELOPMENT_TEAM = DC3RBNGMYP;
				INFOPLIST_FILE = testUITests/Info.plist;
				LD_RUNPATH_SEARCH_PATHS = (
					"$(inherited)",
					"@executable_path/Frameworks",
					"@loader_path/Frameworks",
				);
				PRODUCT_BUNDLE_IDENTIFIER = sus2194241.testUITests;
				PRODUCT_NAME = "$(TARGET_NAME)";
				SWIFT_VERSION = 5.0;
				TARGETED_DEVICE_FAMILY = "1,2";
				TEST_TARGET_NAME = test;
			};
			name = Release;
		};
/* End XCBuildConfiguration section */

/* Begin XCConfigurationList section */
		A00AB09023DB6E020046604C /* Build configuration list for PBXProject "test" */ = {
			isa = XCConfigurationList;
			buildConfigurations = (
				A00AB0BD23DB6E030046604C /* Debug */,
				A00AB0BE23DB6E030046604C /* Release */,
			);
			defaultConfigurationIsVisible = 0;
			defaultConfigurationName = Release;
		};
		A00AB0BF23DB6E030046604C /* Build configuration list for PBXNativeTarget "test" */ = {
			isa = XCConfigurationList;
			buildConfigurations = (
				A00AB0C023DB6E030046604C /* Debug */,
				A00AB0C123DB6E030046604C /* Release */,
			);
			defaultConfigurationIsVisible = 0;
			defaultConfigurationName = Release;
		};
		A00AB0C223DB6E030046604C /* Build configuration list for PBXNativeTarget "testTests" */ = {
			isa = XCConfigurationList;
			buildConfigurations = (
				A00AB0C323DB6E030046604C /* Debug */,
				A00AB0C423DB6E030046604C /* Release */,
			);
			defaultConfigurationIsVisible = 0;
			defaultConfigurationName = Release;
		};
		A00AB0C523DB6E030046604C /* Build configuration list for PBXNativeTarget "testUITests" */ = {
			isa = XCConfigurationList;
			buildConfigurations = (
				A00AB0C623DB6E030046604C /* Debug */,
				A00AB0C723DB6E030046604C /* Release */,
			);
			defaultConfigurationIsVisible = 0;
			defaultConfigurationName = Release;
		};
/* End XCConfigurationList section */
	};
	rootObject = A00AB08D23DB6E020046604C /* Project object */;
}
